// !$*UTF8*$!
{
	archiveVersion = 1;
	classes = {
	};
	objectVersion = 56;
	objects = {

/* Begin PBXBuildFile section */
		734BD7B8EEA3B05CA6376F00 /* Pods_Test.framework in Frameworks */ = {isa = PBXBuildFile; fileRef = 955418E7D0C83ACF09ECD7CD /* Pods_Test.framework */; };
		844A1FF92AB1F09000C686AC /* DetailInformationViewController.swift in Sources */ = {isa = PBXBuildFile; fileRef = 844A1FF82AB1F09000C686AC /* DetailInformationViewController.swift */; };
		844A1FFB2AB1F10300C686AC /* DetailInformationView.swift in Sources */ = {isa = PBXBuildFile; fileRef = 844A1FFA2AB1F10300C686AC /* DetailInformationView.swift */; };
		848B22552AADD8A000194920 /* AppDelegate.swift in Sources */ = {isa = PBXBuildFile; fileRef = 848B22542AADD8A000194920 /* AppDelegate.swift */; };
		848B22572AADD8A000194920 /* SceneDelegate.swift in Sources */ = {isa = PBXBuildFile; fileRef = 848B22562AADD8A000194920 /* SceneDelegate.swift */; };
		848B22592AADD8A000194920 /* ViewController.swift in Sources */ = {isa = PBXBuildFile; fileRef = 848B22582AADD8A000194920 /* ViewController.swift */; };
		848B225C2AADD8A000194920 /* Main.storyboard in Resources */ = {isa = PBXBuildFile; fileRef = 848B225A2AADD8A000194920 /* Main.storyboard */; };
		848B225E2AADD8A200194920 /* Assets.xcassets in Resources */ = {isa = PBXBuildFile; fileRef = 848B225D2AADD8A200194920 /* Assets.xcassets */; };
		848B22612AADD8A200194920 /* LaunchScreen.storyboard in Resources */ = {isa = PBXBuildFile; fileRef = 848B225F2AADD8A200194920 /* LaunchScreen.storyboard */; };
		84C46E502AAF35DC00AE922E /* SeriesModel.swift in Sources */ = {isa = PBXBuildFile; fileRef = 84C46E4F2AAF35DC00AE922E /* SeriesModel.swift */; };
		84C46E522AAF364D00AE922E /* SeriesTableViewCell.swift in Sources */ = {isa = PBXBuildFile; fileRef = 84C46E512AAF364D00AE922E /* SeriesTableViewCell.swift */; };
		84C46E552AAF369C00AE922E /* SnapKit in Frameworks */ = {isa = PBXBuildFile; productRef = 84C46E542AAF369C00AE922E /* SnapKit */; };
		84C46E572AAFC1B000AE922E /* MainView.swift in Sources */ = {isa = PBXBuildFile; fileRef = 84C46E562AAFC1B000AE922E /* MainView.swift */; };
/* End PBXBuildFile section */

/* Begin PBXFileReference section */
		844A1FF82AB1F09000C686AC /* DetailInformationViewController.swift */ = {isa = PBXFileReference; lastKnownFileType = sourcecode.swift; path = DetailInformationViewController.swift; sourceTree = "<group>"; };
		844A1FFA2AB1F10300C686AC /* DetailInformationView.swift */ = {isa = PBXFileReference; lastKnownFileType = sourcecode.swift; path = DetailInformationView.swift; sourceTree = "<group>"; };
		848B22512AADD8A000194920 /* Test.app */ = {isa = PBXFileReference; explicitFileType = wrapper.application; includeInIndex = 0; path = Test.app; sourceTree = BUILT_PRODUCTS_DIR; };
		848B22542AADD8A000194920 /* AppDelegate.swift */ = {isa = PBXFileReference; lastKnownFileType = sourcecode.swift; path = AppDelegate.swift; sourceTree = "<group>"; };
		848B22562AADD8A000194920 /* SceneDelegate.swift */ = {isa = PBXFileReference; lastKnownFileType = sourcecode.swift; path = SceneDelegate.swift; sourceTree = "<group>"; };
		848B22582AADD8A000194920 /* ViewController.swift */ = {isa = PBXFileReference; lastKnownFileType = sourcecode.swift; path = ViewController.swift; sourceTree = "<group>"; };
		848B225B2AADD8A000194920 /* Base */ = {isa = PBXFileReference; lastKnownFileType = file.storyboard; name = Base; path = Base.lproj/Main.storyboard; sourceTree = "<group>"; };
		848B225D2AADD8A200194920 /* Assets.xcassets */ = {isa = PBXFileReference; lastKnownFileType = folder.assetcatalog; path = Assets.xcassets; sourceTree = "<group>"; };
		848B22602AADD8A200194920 /* Base */ = {isa = PBXFileReference; lastKnownFileType = file.storyboard; name = Base; path = Base.lproj/LaunchScreen.storyboard; sourceTree = "<group>"; };
		848B22622AADD8A200194920 /* Info.plist */ = {isa = PBXFileReference; lastKnownFileType = text.plist.xml; path = Info.plist; sourceTree = "<group>"; };
		84C46E4F2AAF35DC00AE922E /* SeriesModel.swift */ = {isa = PBXFileReference; lastKnownFileType = sourcecode.swift; path = SeriesModel.swift; sourceTree = "<group>"; };
		84C46E512AAF364D00AE922E /* SeriesTableViewCell.swift */ = {isa = PBXFileReference; lastKnownFileType = sourcecode.swift; path = SeriesTableViewCell.swift; sourceTree = "<group>"; };
		84C46E562AAFC1B000AE922E /* MainView.swift */ = {isa = PBXFileReference; lastKnownFileType = sourcecode.swift; path = MainView.swift; sourceTree = "<group>"; };
		8ABEC89AEFA4856EF065913B /* Pods-Test.debug.xcconfig */ = {isa = PBXFileReference; includeInIndex = 1; lastKnownFileType = text.xcconfig; name = "Pods-Test.debug.xcconfig"; path = "Target Support Files/Pods-Test/Pods-Test.debug.xcconfig"; sourceTree = "<group>"; };
		955418E7D0C83ACF09ECD7CD /* Pods_Test.framework */ = {isa = PBXFileReference; explicitFileType = wrapper.framework; includeInIndex = 0; path = Pods_Test.framework; sourceTree = BUILT_PRODUCTS_DIR; };
		EC8CF7EC51608B881008A61A /* Pods-Test.release.xcconfig */ = {isa = PBXFileReference; includeInIndex = 1; lastKnownFileType = text.xcconfig; name = "Pods-Test.release.xcconfig"; path = "Target Support Files/Pods-Test/Pods-Test.release.xcconfig"; sourceTree = "<group>"; };
/* End PBXFileReference section */

/* Begin PBXFrameworksBuildPhase section */
		848B224E2AADD8A000194920 /* Frameworks */ = {
			isa = PBXFrameworksBuildPhase;
			buildActionMask = 2147483647;
			files = (
				734BD7B8EEA3B05CA6376F00 /* Pods_Test.framework in Frameworks */,
				84C46E552AAF369C00AE922E /* SnapKit in Frameworks */,
			);
			runOnlyForDeploymentPostprocessing = 0;
		};
/* End PBXFrameworksBuildPhase section */

/* Begin PBXGroup section */
		5D057BB145974A0279E85A21 /* Pods */ = {
			isa = PBXGroup;
			children = (
				8ABEC89AEFA4856EF065913B /* Pods-Test.debug.xcconfig */,
				EC8CF7EC51608B881008A61A /* Pods-Test.release.xcconfig */,
			);
			path = Pods;
			sourceTree = "<group>";
		};
		848B22482AADD8A000194920 = {
			isa = PBXGroup;
			children = (
				848B22532AADD8A000194920 /* Test */,
				848B22522AADD8A000194920 /* Products */,
				5D057BB145974A0279E85A21 /* Pods */,
				BC60002797BE8937ADD5EB26 /* Frameworks */,
			);
			sourceTree = "<group>";
		};
		848B22522AADD8A000194920 /* Products */ = {
			isa = PBXGroup;
			children = (
				848B22512AADD8A000194920 /* Test.app */,
			);
			name = Products;
			sourceTree = "<group>";
		};
		848B22532AADD8A000194920 /* Test */ = {
			isa = PBXGroup;
			children = (
				84C46E4E2AAF2DDB00AE922E /* Controller */,
				84C46E4D2AAF2D8300AE922E /* View */,
				84C46E4C2AAF2D7900AE922E /* SeriesCell */,
				84C46E4B2AAF2D5F00AE922E /* Model */,
				848B22542AADD8A000194920 /* AppDelegate.swift */,
				848B22562AADD8A000194920 /* SceneDelegate.swift */,
				848B225A2AADD8A000194920 /* Main.storyboard */,
				848B225D2AADD8A200194920 /* Assets.xcassets */,
				848B225F2AADD8A200194920 /* LaunchScreen.storyboard */,
				848B22622AADD8A200194920 /* Info.plist */,
			);
			path = Test;
			sourceTree = "<group>";
		};
		84C46E4B2AAF2D5F00AE922E /* Model */ = {
			isa = PBXGroup;
			children = (
				84C46E4F2AAF35DC00AE922E /* SeriesModel.swift */,
			);
			path = Model;
			sourceTree = "<group>";
		};
		84C46E4C2AAF2D7900AE922E /* SeriesCell */ = {
			isa = PBXGroup;
			children = (
				84C46E512AAF364D00AE922E /* SeriesTableViewCell.swift */,
			);
			path = SeriesCell;
			sourceTree = "<group>";
		};
		84C46E4D2AAF2D8300AE922E /* View */ = {
			isa = PBXGroup;
			children = (
				84C46E562AAFC1B000AE922E /* MainView.swift */,
				844A1FFA2AB1F10300C686AC /* DetailInformationView.swift */,
			);
			path = View;
			sourceTree = "<group>";
		};
		84C46E4E2AAF2DDB00AE922E /* Controller */ = {
			isa = PBXGroup;
			children = (
				848B22582AADD8A000194920 /* ViewController.swift */,
				844A1FF82AB1F09000C686AC /* DetailInformationViewController.swift */,
			);
			path = Controller;
			sourceTree = "<group>";
		};
		BC60002797BE8937ADD5EB26 /* Frameworks */ = {
			isa = PBXGroup;
			children = (
				955418E7D0C83ACF09ECD7CD /* Pods_Test.framework */,
			);
			name = Frameworks;
			sourceTree = "<group>";
		};
/* End PBXGroup section */

/* Begin PBXNativeTarget section */
		848B22502AADD8A000194920 /* Test */ = {
			isa = PBXNativeTarget;
			buildConfigurationList = 848B22652AADD8A200194920 /* Build configuration list for PBXNativeTarget "Test" */;
			buildPhases = (
				F6D6780DD82E9549AB7ECEC3 /* [CP] Check Pods Manifest.lock */,
				848B224D2AADD8A000194920 /* Sources */,
				848B224E2AADD8A000194920 /* Frameworks */,
				848B224F2AADD8A000194920 /* Resources */,
				73D7B1D54AD395D4BBD6FD22 /* [CP] Embed Pods Frameworks */,
			);
			buildRules = (
			);
			dependencies = (
			);
			name = Test;
			packageProductDependencies = (
				84C46E542AAF369C00AE922E /* SnapKit */,
			);
			productName = Test;
			productReference = 848B22512AADD8A000194920 /* Test.app */;
			productType = "com.apple.product-type.application";
		};
/* End PBXNativeTarget section */

/* Begin PBXProject section */
		848B22492AADD8A000194920 /* Project object */ = {
			isa = PBXProject;
			attributes = {
				BuildIndependentTargetsInParallel = 1;
				LastSwiftUpdateCheck = 1430;
				LastUpgradeCheck = 1430;
				TargetAttributes = {
					848B22502AADD8A000194920 = {
						CreatedOnToolsVersion = 14.3.1;
					};
				};
			};
			buildConfigurationList = 848B224C2AADD8A000194920 /* Build configuration list for PBXProject "Test" */;
			compatibilityVersion = "Xcode 14.0";
			developmentRegion = en;
			hasScannedForEncodings = 0;
			knownRegions = (
				en,
				Base,
			);
			mainGroup = 848B22482AADD8A000194920;
			packageReferences = (
				84C46E532AAF369C00AE922E /* XCRemoteSwiftPackageReference "SnapKit" */,
			);
			productRefGroup = 848B22522AADD8A000194920 /* Products */;
			projectDirPath = "";
			projectRoot = "";
			targets = (
				848B22502AADD8A000194920 /* Test */,
			);
		};
/* End PBXProject section */

/* Begin PBXResourcesBuildPhase section */
		848B224F2AADD8A000194920 /* Resources */ = {
			isa = PBXResourcesBuildPhase;
			buildActionMask = 2147483647;
			files = (
				848B22612AADD8A200194920 /* LaunchScreen.storyboard in Resources */,
				848B225E2AADD8A200194920 /* Assets.xcassets in Resources */,
				848B225C2AADD8A000194920 /* Main.storyboard in Resources */,
			);
			runOnlyForDeploymentPostprocessing = 0;
		};
/* End PBXResourcesBuildPhase section */

/* Begin PBXShellScriptBuildPhase section */
		73D7B1D54AD395D4BBD6FD22 /* [CP] Embed Pods Frameworks */ = {
			isa = PBXShellScriptBuildPhase;
			buildActionMask = 2147483647;
			files = (
			);
			inputFileListPaths = (
				"${PODS_ROOT}/Target Support Files/Pods-Test/Pods-Test-frameworks-${CONFIGURATION}-input-files.xcfilelist",
			);
			name = "[CP] Embed Pods Frameworks";
			outputFileListPaths = (
				"${PODS_ROOT}/Target Support Files/Pods-Test/Pods-Test-frameworks-${CONFIGURATION}-output-files.xcfilelist",
			);
			runOnlyForDeploymentPostprocessing = 0;
			shellPath = /bin/sh;
			shellScript = "\"${PODS_ROOT}/Target Support Files/Pods-Test/Pods-Test-frameworks.sh\"\n";
			showEnvVarsInLog = 0;
		};
		F6D6780DD82E9549AB7ECEC3 /* [CP] Check Pods Manifest.lock */ = {
			isa = PBXShellScriptBuildPhase;
			buildActionMask = 2147483647;
			files = (
			);
			inputFileListPaths = (
			);
			inputPaths = (
				"${PODS_PODFILE_DIR_PATH}/Podfile.lock",
				"${PODS_ROOT}/Manifest.lock",
			);
			name = "[CP] Check Pods Manifest.lock";
			outputFileListPaths = (
			);
			outputPaths = (
				"$(DERIVED_FILE_DIR)/Pods-Test-checkManifestLockResult.txt",
			);
			runOnlyForDeploymentPostprocessing = 0;
			shellPath = /bin/sh;
			shellScript = "diff \"${PODS_PODFILE_DIR_PATH}/Podfile.lock\" \"${PODS_ROOT}/Manifest.lock\" > /dev/null\nif [ $? != 0 ] ; then\n    # print error to STDERR\n    echo \"error: The sandbox is not in sync with the Podfile.lock. Run 'pod install' or update your CocoaPods installation.\" >&2\n    exit 1\nfi\n# This output is used by Xcode 'outputs' to avoid re-running this script phase.\necho \"SUCCESS\" > \"${SCRIPT_OUTPUT_FILE_0}\"\n";
			showEnvVarsInLog = 0;
		};
/* End PBXShellScriptBuildPhase section */

/* Begin PBXSourcesBuildPhase section */
		848B224D2AADD8A000194920 /* Sources */ = {
			isa = PBXSourcesBuildPhase;
			buildActionMask = 2147483647;
			files = (
				84C46E502AAF35DC00AE922E /* SeriesModel.swift in Sources */,
				84C46E572AAFC1B000AE922E /* MainView.swift in Sources */,
				844A1FFB2AB1F10300C686AC /* DetailInformationView.swift in Sources */,
				848B22592AADD8A000194920 /* ViewController.swift in Sources */,
				84C46E522AAF364D00AE922E /* SeriesTableViewCell.swift in Sources */,
				848B22552AADD8A000194920 /* AppDelegate.swift in Sources */,
				848B22572AADD8A000194920 /* SceneDelegate.swift in Sources */,
				844A1FF92AB1F09000C686AC /* DetailInformationViewController.swift in Sources */,
			);
			runOnlyForDeploymentPostprocessing = 0;
		};
/* End PBXSourcesBuildPhase section */

/* Begin PBXVariantGroup section */
		848B225A2AADD8A000194920 /* Main.storyboard */ = {
			isa = PBXVariantGroup;
			children = (
				848B225B2AADD8A000194920 /* Base */,
			);
			name = Main.storyboard;
			sourceTree = "<group>";
		};
		848B225F2AADD8A200194920 /* LaunchScreen.storyboard */ = {
			isa = PBXVariantGroup;
			children = (
				848B22602AADD8A200194920 /* Base */,
			);
			name = LaunchScreen.storyboard;
			sourceTree = "<group>";
		};
/* End PBXVariantGroup section */

/* Begin XCBuildConfiguration section */
		848B22632AADD8A200194920 /* Debug */ = {
			isa = XCBuildConfiguration;
			buildSettings = {
				ALWAYS_SEARCH_USER_PATHS = NO;
				CLANG_ANALYZER_NONNULL = YES;
				CLANG_ANALYZER_NUMBER_OBJECT_CONVERSION = YES_AGGRESSIVE;
				CLANG_CXX_LANGUAGE_STANDARD = "gnu++20";
				CLANG_ENABLE_MODULES = YES;
				CLANG_ENABLE_OBJC_ARC = YES;
				CLANG_ENABLE_OBJC_WEAK = YES;
				CLANG_WARN_BLOCK_CAPTURE_AUTORELEASING = YES;
				CLANG_WARN_BOOL_CONVERSION = YES;
				CLANG_WARN_COMMA = YES;
				CLANG_WARN_CONSTANT_CONVERSION = YES;
				CLANG_WARN_DEPRECATED_OBJC_IMPLEMENTATIONS = YES;
				CLANG_WARN_DIRECT_OBJC_ISA_USAGE = YES_ERROR;
				CLANG_WARN_DOCUMENTATION_COMMENTS = YES;
				CLANG_WARN_EMPTY_BODY = YES;
				CLANG_WARN_ENUM_CONVERSION = YES;
				CLANG_WARN_INFINITE_RECURSION = YES;
				CLANG_WARN_INT_CONVERSION = YES;
				CLANG_WARN_NON_LITERAL_NULL_CONVERSION = YES;
				CLANG_WARN_OBJC_IMPLICIT_RETAIN_SELF = YES;
				CLANG_WARN_OBJC_LITERAL_CONVERSION = YES;
				CLANG_WARN_OBJC_ROOT_CLASS = YES_ERROR;
				CLANG_WARN_QUOTED_INCLUDE_IN_FRAMEWORK_HEADER = YES;
				CLANG_WARN_RANGE_LOOP_ANALYSIS = YES;
				CLANG_WARN_STRICT_PROTOTYPES = YES;
				CLANG_WARN_SUSPICIOUS_MOVE = YES;
				CLANG_WARN_UNGUARDED_AVAILABILITY = YES_AGGRESSIVE;
				CLANG_WARN_UNREACHABLE_CODE = YES;
				CLANG_WARN__DUPLICATE_METHOD_MATCH = YES;
				COPY_PHASE_STRIP = NO;
				DEBUG_INFORMATION_FORMAT = dwarf;
				ENABLE_STRICT_OBJC_MSGSEND = YES;
				ENABLE_TESTABILITY = YES;
				GCC_C_LANGUAGE_STANDARD = gnu11;
				GCC_DYNAMIC_NO_PIC = NO;
				GCC_NO_COMMON_BLOCKS = YES;
				GCC_OPTIMIZATION_LEVEL = 0;
				GCC_PREPROCESSOR_DEFINITIONS = (
					"DEBUG=1",
					"$(inherited)",
				);
				GCC_WARN_64_TO_32_BIT_CONVERSION = YES;
				GCC_WARN_ABOUT_RETURN_TYPE = YES_ERROR;
				GCC_WARN_UNDECLARED_SELECTOR = YES;
				GCC_WARN_UNINITIALIZED_AUTOS = YES_AGGRESSIVE;
				GCC_WARN_UNUSED_FUNCTION = YES;
				GCC_WARN_UNUSED_VARIABLE = YES;
				IPHONEOS_DEPLOYMENT_TARGET = 13.0;
				MTL_ENABLE_DEBUG_INFO = INCLUDE_SOURCE;
				MTL_FAST_MATH = YES;
				ONLY_ACTIVE_ARCH = YES;
				SDKROOT = iphoneos;
				SWIFT_ACTIVE_COMPILATION_CONDITIONS = DEBUG;
				SWIFT_OPTIMIZATION_LEVEL = "-Onone";
			};
			name = Debug;
		};
		848B22642AADD8A200194920 /* Release */ = {
			isa = XCBuildConfiguration;
			buildSettings = {
				ALWAYS_SEARCH_USER_PATHS = NO;
				CLANG_ANALYZER_NONNULL = YES;
				CLANG_ANALYZER_NUMBER_OBJECT_CONVERSION = YES_AGGRESSIVE;
				CLANG_CXX_LANGUAGE_STANDARD = "gnu++20";
				CLANG_ENABLE_MODULES = YES;
				CLANG_ENABLE_OBJC_ARC = YES;
				CLANG_ENABLE_OBJC_WEAK = YES;
				CLANG_WARN_BLOCK_CAPTURE_AUTORELEASING = YES;
				CLANG_WARN_BOOL_CONVERSION = YES;
				CLANG_WARN_COMMA = YES;
				CLANG_WARN_CONSTANT_CONVERSION = YES;
				CLANG_WARN_DEPRECATED_OBJC_IMPLEMENTATIONS = YES;
				CLANG_WARN_DIRECT_OBJC_ISA_USAGE = YES_ERROR;
				CLANG_WARN_DOCUMENTATION_COMMENTS = YES;
				CLANG_WARN_EMPTY_BODY = YES;
				CLANG_WARN_ENUM_CONVERSION = YES;
				CLANG_WARN_INFINITE_RECURSION = YES;
				CLANG_WARN_INT_CONVERSION = YES;
				CLANG_WARN_NON_LITERAL_NULL_CONVERSION = YES;
				CLANG_WARN_OBJC_IMPLICIT_RETAIN_SELF = YES;
				CLANG_WARN_OBJC_LITERAL_CONVERSION = YES;
				CLANG_WARN_OBJC_ROOT_CLASS = YES_ERROR;
				CLANG_WARN_QUOTED_INCLUDE_IN_FRAMEWORK_HEADER = YES;
				CLANG_WARN_RANGE_LOOP_ANALYSIS = YES;
				CLANG_WARN_STRICT_PROTOTYPES = YES;
				CLANG_WARN_SUSPICIOUS_MOVE = YES;
				CLANG_WARN_UNGUARDED_AVAILABILITY = YES_AGGRESSIVE;
				CLANG_WARN_UNREACHABLE_CODE = YES;
				CLANG_WARN__DUPLICATE_METHOD_MATCH = YES;
				COPY_PHASE_STRIP = NO;
				DEBUG_INFORMATION_FORMAT = "dwarf-with-dsym";
				ENABLE_NS_ASSERTIONS = NO;
				ENABLE_STRICT_OBJC_MSGSEND = YES;
				GCC_C_LANGUAGE_STANDARD = gnu11;
				GCC_NO_COMMON_BLOCKS = YES;
				GCC_WARN_64_TO_32_BIT_CONVERSION = YES;
				GCC_WARN_ABOUT_RETURN_TYPE = YES_ERROR;
				GCC_WARN_UNDECLARED_SELECTOR = YES;
				GCC_WARN_UNINITIALIZED_AUTOS = YES_AGGRESSIVE;
				GCC_WARN_UNUSED_FUNCTION = YES;
				GCC_WARN_UNUSED_VARIABLE = YES;
				IPHONEOS_DEPLOYMENT_TARGET = 13.0;
				MTL_ENABLE_DEBUG_INFO = NO;
				MTL_FAST_MATH = YES;
				SDKROOT = iphoneos;
				SWIFT_COMPILATION_MODE = wholemodule;
				SWIFT_OPTIMIZATION_LEVEL = "-O";
				VALIDATE_PRODUCT = YES;
			};
			name = Release;
		};
		848B22662AADD8A200194920 /* Debug */ = {
			isa = XCBuildConfiguration;
			baseConfigurationReference = 8ABEC89AEFA4856EF065913B /* Pods-Test.debug.xcconfig */;
			buildSettings = {
				ASSETCATALOG_COMPILER_APPICON_NAME = AppIcon;
				ASSETCATALOG_COMPILER_GLOBAL_ACCENT_COLOR_NAME = AccentColor;
				CODE_SIGN_STYLE = Automatic;
				CURRENT_PROJECT_VERSION = 1;
				GENERATE_INFOPLIST_FILE = YES;
				INFOPLIST_FILE = Test/Info.plist;
				INFOPLIST_KEY_UIApplicationSupportsIndirectInputEvents = YES;
				INFOPLIST_KEY_UILaunchStoryboardName = LaunchScreen;
				INFOPLIST_KEY_UIMainStoryboardFile = Main;
				INFOPLIST_KEY_UISupportedInterfaceOrientations_iPad = "UIInterfaceOrientationPortrait UIInterfaceOrientationPortraitUpsideDown UIInterfaceOrientationLandscapeLeft UIInterfaceOrientationLandscapeRight";
				INFOPLIST_KEY_UISupportedInterfaceOrientations_iPhone = "UIInterfaceOrientationPortrait UIInterfaceOrientationLandscapeLeft UIInterfaceOrientationLandscapeRight";
				LD_RUNPATH_SEARCH_PATHS = (
					"$(inherited)",
					"@executable_path/Frameworks",
				);
				MARKETING_VERSION = 1.0;
				PRODUCT_BUNDLE_IDENTIFIER = com.my.Test;
				PRODUCT_NAME = "$(TARGET_NAME)";
				SWIFT_EMIT_LOC_STRINGS = YES;
				SWIFT_VERSION = 5.0;
				TARGETED_DEVICE_FAMILY = "1,2";
			};
			name = Debug;
		};
		848B22672AADD8A200194920 /* Release */ = {
			isa = XCBuildConfiguration;
			baseConfigurationReference = EC8CF7EC51608B881008A61A /* Pods-Test.release.xcconfig */;
			buildSettings = {
				ASSETCATALOG_COMPILER_APPICON_NAME = AppIcon;
				ASSETCATALOG_COMPILER_GLOBAL_ACCENT_COLOR_NAME = AccentColor;
				CODE_SIGN_STYLE = Automatic;
				CURRENT_PROJECT_VERSION = 1;
				GENERATE_INFOPLIST_FILE = YES;
				INFOPLIST_FILE = Test/Info.plist;
				INFOPLIST_KEY_UIApplicationSupportsIndirectInputEvents = YES;
				INFOPLIST_KEY_UILaunchStoryboardName = LaunchScreen;
				INFOPLIST_KEY_UIMainStoryboardFile = Main;
				INFOPLIST_KEY_UISupportedInterfaceOrientations_iPad = "UIInterfaceOrientationPortrait UIInterfaceOrientationPortraitUpsideDown UIInterfaceOrientationLandscapeLeft UIInterfaceOrientationLandscapeRight";
				INFOPLIST_KEY_UISupportedInterfaceOrientations_iPhone = "UIInterfaceOrientationPortrait UIInterfaceOrientationLandscapeLeft UIInterfaceOrientationLandscapeRight";
				LD_RUNPATH_SEARCH_PATHS = (
					"$(inherited)",
					"@executable_path/Frameworks",
				);
				MARKETING_VERSION = 1.0;
				PRODUCT_BUNDLE_IDENTIFIER = com.my.Test;
				PRODUCT_NAME = "$(TARGET_NAME)";
				SWIFT_EMIT_LOC_STRINGS = YES;
				SWIFT_VERSION = 5.0;
				TARGETED_DEVICE_FAMILY = "1,2";
			};
			name = Release;
		};
/* End XCBuildConfiguration section */

/* Begin XCConfigurationList section */
		848B224C2AADD8A000194920 /* Build configuration list for PBXProject "Test" */ = {
			isa = XCConfigurationList;
			buildConfigurations = (
				848B22632AADD8A200194920 /* Debug */,
				848B22642AADD8A200194920 /* Release */,
			);
			defaultConfigurationIsVisible = 0;
			defaultConfigurationName = Release;
		};
		848B22652AADD8A200194920 /* Build configuration list for PBXNativeTarget "Test" */ = {
			isa = XCConfigurationList;
			buildConfigurations = (
				848B22662AADD8A200194920 /* Debug */,
				848B22672AADD8A200194920 /* Release */,
			);
			defaultConfigurationIsVisible = 0;
			defaultConfigurationName = Release;
		};
/* End XCConfigurationList section */

/* Begin XCRemoteSwiftPackageReference section */
		84C46E532AAF369C00AE922E /* XCRemoteSwiftPackageReference "SnapKit" */ = {
			isa = XCRemoteSwiftPackageReference;
			repositoryURL = "https://github.com/SnapKit/SnapKit.git";
			requirement = {
				kind = upToNextMajorVersion;
				minimumVersion = 5.0.0;
			};
		};
/* End XCRemoteSwiftPackageReference section */

/* Begin XCSwiftPackageProductDependency section */
		84C46E542AAF369C00AE922E /* SnapKit */ = {
			isa = XCSwiftPackageProductDependency;
			package = 84C46E532AAF369C00AE922E /* XCRemoteSwiftPackageReference "SnapKit" */;
			productName = SnapKit;
		};
/* End XCSwiftPackageProductDependency section */
	};
	rootObject = 848B22492AADD8A000194920 /* Project object */;
}
